
Microsoft Visual Studio Solution File, Format Version 12.00
# Visual Studio Version 17
VisualStudioVersion = 17.9.34728.123
MinimumVisualStudioVersion = 10.0.40219.1
Project("{FAE04EC0-301F-11D3-BF4B-00C04F79EFBC}") = "1-ForDongusu", "1-ForDongusu\1-ForDongusu.csproj", "{04215C49-3520-48F9-BDEF-E7B72B62EAB7}"
EndProject
Project("{FAE04EC0-301F-11D3-BF4B-00C04F79EFBC}") = "2-WhileDongusu", "2-WhileDongusu\2-WhileDongusu.csproj", "{8704B271-F3D4-41DF-BB7D-7A6BFFA3ADAA}"
EndProject
Project("{FAE04EC0-301F-11D3-BF4B-00C04F79EFBC}") = "3-DoWhileDongusu", "3-DoWhileDongusu\3-DoWhileDongusu.csproj", "{42E4BC08-2C4E-4C93-9398-326F57E42A2D}"
EndProject
Project("{FAE04EC0-301F-11D3-BF4B-00C04F79EFBC}") = "4-ForeachDongusu", "4-ForeachDongusu\4-ForeachDongusu.csproj", "{B8C53624-EAE6-4F7C-94ED-38D46233CBA6}"
EndProject
Project("{FAE04EC0-301F-11D3-BF4B-00C04F79EFBC}") = "5-DonguKeywordleri", "5-DonguKeywordleri\5-DonguKeywordleri.csproj", "{81B40968-D73B-4216-BC09-3B85F7FB6CFA}"
EndProject
Global
	GlobalSection(SolutionConfigurationPlatforms) = preSolution
		Debug|Any CPU = Debug|Any CPU
		Release|Any CPU = Release|Any CPU
	EndGlobalSection
	GlobalSection(ProjectConfigurationPlatforms) = postSolution
		{04215C49-3520-48F9-BDEF-E7B72B62EAB7}.Debug|Any CPU.ActiveCfg = Debug|Any CPU
		{04215C49-3520-48F9-BDEF-E7B72B62EAB7}.Debug|Any CPU.Build.0 = Debug|Any CPU
		{04215C49-3520-48F9-BDEF-E7B72B62EAB7}.Release|Any CPU.ActiveCfg = Release|Any CPU
		{04215C49-3520-48F9-BDEF-E7B72B62EAB7}.Release|Any CPU.Build.0 = Release|Any CPU
		{8704B271-F3D4-41DF-BB7D-7A6BFFA3ADAA}.Debug|Any CPU.ActiveCfg = Debug|Any CPU
		{8704B271-F3D4-41DF-BB7D-7A6BFFA3ADAA}.Debug|Any CPU.Build.0 = Debug|Any CPU
		{8704B271-F3D4-41DF-BB7D-7A6BFFA3ADAA}.Release|Any CPU.ActiveCfg = Release|Any CPU
		{8704B271-F3D4-41DF-BB7D-7A6BFFA3ADAA}.Release|Any CPU.Build.0 = Release|Any CPU
		{42E4BC08-2C4E-4C93-9398-326F57E42A2D}.Debug|Any CPU.ActiveCfg = Debug|Any CPU
		{42E4BC08-2C4E-4C93-9398-326F57E42A2D}.Debug|Any CPU.Build.0 = Debug|Any CPU
		{42E4BC08-2C4E-4C93-9398-326F57E42A2D}.Release|Any CPU.ActiveCfg = Release|Any CPU
		{42E4BC08-2C4E-4C93-9398-326F57E42A2D}.Release|Any CPU.Build.0 = Release|Any CPU
		{B8C53624-EAE6-4F7C-94ED-38D46233CBA6}.Debug|Any CPU.ActiveCfg = Debug|Any CPU
		{B8C53624-EAE6-4F7C-94ED-38D46233CBA6}.Debug|Any CPU.Build.0 = Debug|Any CPU
		{B8C53624-EAE6-4F7C-94ED-38D46233CBA6}.Release|Any CPU.ActiveCfg = Release|Any CPU
		{B8C53624-EAE6-4F7C-94ED-38D46233CBA6}.Release|Any CPU.Build.0 = Release|Any CPU
		{81B40968-D73B-4216-BC09-3B85F7FB6CFA}.Debug|Any CPU.ActiveCfg = Debug|Any CPU
		{81B40968-D73B-4216-BC09-3B85F7FB6CFA}.Debug|Any CPU.Build.0 = Debug|Any CPU
		{81B40968-D73B-4216-BC09-3B85F7FB6CFA}.Release|Any CPU.ActiveCfg = Release|Any CPU
		{81B40968-D73B-4216-BC09-3B85F7FB6CFA}.Release|Any CPU.Build.0 = Release|Any CPU
	EndGlobalSection
	GlobalSection(SolutionProperties) = preSolution
		HideSolutionNode = FALSE
	EndGlobalSection
	GlobalSection(ExtensibilityGlobals) = postSolution
		SolutionGuid = {DA355D3F-F855-4649-A740-3C999141C5D4}
	EndGlobalSection
EndGlobal
